{
  "object": {
    "pins": [
      {
        "package": "AsyncStream",
        "repositoryURL": "https://github.com/AppAccount/AsyncStream",
        "state": {
          "branch": null,
          "revision": "89a248e6a16b12f8da83c06e699e509e20ff762b",
          "version": "2.0.0"
        }
      }
    ]
  },
  "version": 1
}
